
Microsoft Visual Studio Solution File, Format Version 12.00
# Visual Studio Version 17
VisualStudioVersion = 17.0.31903.59
MinimumVisualStudioVersion = 10.0.40219.1
Project("{2150E333-8FDC-42A3-9474-1A3956D46DE8}") = "src", "src", "{22455F42-1C72-4CBB-BADE-8C1D1FEBF74F}"
EndProject
Project("{9A19103F-16F7-4668-BE54-9A1E7A4F7556}") = "GomokuServer.Api", "src\GomokuServer.Api\GomokuServer.Api.csproj", "{7D1974C6-0FEA-4016-B68A-F6ABB2F7A69D}"
EndProject
Project("{9A19103F-16F7-4668-BE54-9A1E7A4F7556}") = "GomokuServer.Core", "src\GomokurServer.Core\GomokuServer.Core.csproj", "{F9C5EB54-5B5F-45EE-945F-E54A68345D0E}"
EndProject
Project("{2150E333-8FDC-42A3-9474-1A3956D46DE8}") = "tests", "tests", "{ED5D594F-82A7-4869-BF1B-508A29EB4B31}"
EndProject
Project("{9A19103F-16F7-4668-BE54-9A1E7A4F7556}") = "GomokuServer.Core.UnitTests", "tests\GomokuServer.Core.Tests\GomokuServer.Core.UnitTests.csproj", "{6D70BE31-B3D7-48D8-AC01-2E6643276FD3}"
EndProject
Project("{9A19103F-16F7-4668-BE54-9A1E7A4F7556}") = "GomokuServer.Application", "src\GomokuServer.Application\GomokuServer.Application.csproj", "{181222FF-3AF4-4880-8DC1-55EA5B3D38B9}"
EndProject
Project("{9A19103F-16F7-4668-BE54-9A1E7A4F7556}") = "GomokuServer.Infrastructure", "src\GomokuServer.Infrastructure\GomokuServer.Infrastructure.csproj", "{6CD6FCF6-2513-47E1-9B3F-48200FB0C8C3}"
EndProject
Project("{9A19103F-16F7-4668-BE54-9A1E7A4F7556}") = "GomokuServer.Application.UnitTests", "tests\GomokuServer.Application.UnitTests\GomokuServer.Application.UnitTests.csproj", "{F7FC04B6-44BE-4553-BC8C-540C560A6FBD}"
EndProject
Project("{9A19103F-16F7-4668-BE54-9A1E7A4F7556}") = "GomokuServer.Utils", "src\GomokuServer.Utils\GomokuServer.Utils.csproj", "{1E32A0BF-F650-402B-9CE0-6CAF3E3331C6}"
EndProject
Project("{9A19103F-16F7-4668-BE54-9A1E7A4F7556}") = "GomokuServer.Application.FunctionalTests", "tests\GomokuServer.Application.FunctionalTests\GomokuServer.Application.FunctionalTests.csproj", "{7E9644DB-B7CB-475B-9468-80F4F7A25825}"
EndProject
Project("{FAE04EC0-301F-11D3-BF4B-00C04F79EFBC}") = "GomokuServer.Tests.Common", "tests\GomokuServer.Tests.Common\GomokuServer.Tests.Common.csproj", "{8A8D6C87-BB01-43E6-8B5C-E6B4DDB11655}"
EndProject
Project("{FAE04EC0-301F-11D3-BF4B-00C04F79EFBC}") = "GomokuServer.Analyzer", "src\GomokuServer.Analyzer\GomokuServer.Analyzer\GomokuServer.Analyzer.csproj", "{7FCB83A6-C281-44E7-8D86-A568771FA320}"
EndProject
Project("{FAE04EC0-301F-11D3-BF4B-00C04F79EFBC}") = "GomokuServer.Analyzer.UnitTests", "tests\GomokuServer.Analyzer.UnitTests\GomokuServer.Analyzer.UnitTests.csproj", "{C18C8F09-4AB4-46ED-BA36-9F1C0B602713}"
EndProject
Global
	GlobalSection(SolutionConfigurationPlatforms) = preSolution
		Debug|Any CPU = Debug|Any CPU
		Release|Any CPU = Release|Any CPU
	EndGlobalSection
	GlobalSection(ProjectConfigurationPlatforms) = postSolution
		{7D1974C6-0FEA-4016-B68A-F6ABB2F7A69D}.Debug|Any CPU.ActiveCfg = Debug|Any CPU
		{7D1974C6-0FEA-4016-B68A-F6ABB2F7A69D}.Debug|Any CPU.Build.0 = Debug|Any CPU
		{7D1974C6-0FEA-4016-B68A-F6ABB2F7A69D}.Release|Any CPU.ActiveCfg = Release|Any CPU
		{7D1974C6-0FEA-4016-B68A-F6ABB2F7A69D}.Release|Any CPU.Build.0 = Release|Any CPU
		{F9C5EB54-5B5F-45EE-945F-E54A68345D0E}.Debug|Any CPU.ActiveCfg = Debug|Any CPU
		{F9C5EB54-5B5F-45EE-945F-E54A68345D0E}.Debug|Any CPU.Build.0 = Debug|Any CPU
		{F9C5EB54-5B5F-45EE-945F-E54A68345D0E}.Release|Any CPU.ActiveCfg = Release|Any CPU
		{F9C5EB54-5B5F-45EE-945F-E54A68345D0E}.Release|Any CPU.Build.0 = Release|Any CPU
		{6D70BE31-B3D7-48D8-AC01-2E6643276FD3}.Debug|Any CPU.ActiveCfg = Debug|Any CPU
		{6D70BE31-B3D7-48D8-AC01-2E6643276FD3}.Debug|Any CPU.Build.0 = Debug|Any CPU
		{6D70BE31-B3D7-48D8-AC01-2E6643276FD3}.Release|Any CPU.ActiveCfg = Release|Any CPU
		{6D70BE31-B3D7-48D8-AC01-2E6643276FD3}.Release|Any CPU.Build.0 = Release|Any CPU
		{181222FF-3AF4-4880-8DC1-55EA5B3D38B9}.Debug|Any CPU.ActiveCfg = Debug|Any CPU
		{181222FF-3AF4-4880-8DC1-55EA5B3D38B9}.Debug|Any CPU.Build.0 = Debug|Any CPU
		{181222FF-3AF4-4880-8DC1-55EA5B3D38B9}.Release|Any CPU.ActiveCfg = Release|Any CPU
		{181222FF-3AF4-4880-8DC1-55EA5B3D38B9}.Release|Any CPU.Build.0 = Release|Any CPU
		{6CD6FCF6-2513-47E1-9B3F-48200FB0C8C3}.Debug|Any CPU.ActiveCfg = Debug|Any CPU
		{6CD6FCF6-2513-47E1-9B3F-48200FB0C8C3}.Debug|Any CPU.Build.0 = Debug|Any CPU
		{6CD6FCF6-2513-47E1-9B3F-48200FB0C8C3}.Release|Any CPU.ActiveCfg = Release|Any CPU
		{6CD6FCF6-2513-47E1-9B3F-48200FB0C8C3}.Release|Any CPU.Build.0 = Release|Any CPU
		{F7FC04B6-44BE-4553-BC8C-540C560A6FBD}.Debug|Any CPU.ActiveCfg = Debug|Any CPU
		{F7FC04B6-44BE-4553-BC8C-540C560A6FBD}.Debug|Any CPU.Build.0 = Debug|Any CPU
		{F7FC04B6-44BE-4553-BC8C-540C560A6FBD}.Release|Any CPU.ActiveCfg = Release|Any CPU
		{F7FC04B6-44BE-4553-BC8C-540C560A6FBD}.Release|Any CPU.Build.0 = Release|Any CPU
		{1E32A0BF-F650-402B-9CE0-6CAF3E3331C6}.Debug|Any CPU.ActiveCfg = Debug|Any CPU
		{1E32A0BF-F650-402B-9CE0-6CAF3E3331C6}.Debug|Any CPU.Build.0 = Debug|Any CPU
		{1E32A0BF-F650-402B-9CE0-6CAF3E3331C6}.Release|Any CPU.ActiveCfg = Release|Any CPU
		{1E32A0BF-F650-402B-9CE0-6CAF3E3331C6}.Release|Any CPU.Build.0 = Release|Any CPU
		{7E9644DB-B7CB-475B-9468-80F4F7A25825}.Debug|Any CPU.ActiveCfg = Debug|Any CPU
		{7E9644DB-B7CB-475B-9468-80F4F7A25825}.Debug|Any CPU.Build.0 = Debug|Any CPU
		{7E9644DB-B7CB-475B-9468-80F4F7A25825}.Release|Any CPU.ActiveCfg = Release|Any CPU
		{7E9644DB-B7CB-475B-9468-80F4F7A25825}.Release|Any CPU.Build.0 = Release|Any CPU
		{8A8D6C87-BB01-43E6-8B5C-E6B4DDB11655}.Debug|Any CPU.ActiveCfg = Debug|Any CPU
		{8A8D6C87-BB01-43E6-8B5C-E6B4DDB11655}.Debug|Any CPU.Build.0 = Debug|Any CPU
		{8A8D6C87-BB01-43E6-8B5C-E6B4DDB11655}.Release|Any CPU.ActiveCfg = Release|Any CPU
		{8A8D6C87-BB01-43E6-8B5C-E6B4DDB11655}.Release|Any CPU.Build.0 = Release|Any CPU
		{7FCB83A6-C281-44E7-8D86-A568771FA320}.Debug|Any CPU.ActiveCfg = Debug|Any CPU
		{7FCB83A6-C281-44E7-8D86-A568771FA320}.Debug|Any CPU.Build.0 = Debug|Any CPU
		{7FCB83A6-C281-44E7-8D86-A568771FA320}.Release|Any CPU.ActiveCfg = Release|Any CPU
		{7FCB83A6-C281-44E7-8D86-A568771FA320}.Release|Any CPU.Build.0 = Release|Any CPU
		{C18C8F09-4AB4-46ED-BA36-9F1C0B602713}.Debug|Any CPU.ActiveCfg = Debug|Any CPU
		{C18C8F09-4AB4-46ED-BA36-9F1C0B602713}.Debug|Any CPU.Build.0 = Debug|Any CPU
		{C18C8F09-4AB4-46ED-BA36-9F1C0B602713}.Release|Any CPU.ActiveCfg = Release|Any CPU
		{C18C8F09-4AB4-46ED-BA36-9F1C0B602713}.Release|Any CPU.Build.0 = Release|Any CPU
	EndGlobalSection
	GlobalSection(SolutionProperties) = preSolution
		HideSolutionNode = FALSE
	EndGlobalSection
	GlobalSection(NestedProjects) = preSolution
		{7D1974C6-0FEA-4016-B68A-F6ABB2F7A69D} = {22455F42-1C72-4CBB-BADE-8C1D1FEBF74F}
		{F9C5EB54-5B5F-45EE-945F-E54A68345D0E} = {22455F42-1C72-4CBB-BADE-8C1D1FEBF74F}
		{6D70BE31-B3D7-48D8-AC01-2E6643276FD3} = {ED5D594F-82A7-4869-BF1B-508A29EB4B31}
		{181222FF-3AF4-4880-8DC1-55EA5B3D38B9} = {22455F42-1C72-4CBB-BADE-8C1D1FEBF74F}
		{6CD6FCF6-2513-47E1-9B3F-48200FB0C8C3} = {22455F42-1C72-4CBB-BADE-8C1D1FEBF74F}
		{F7FC04B6-44BE-4553-BC8C-540C560A6FBD} = {ED5D594F-82A7-4869-BF1B-508A29EB4B31}
		{1E32A0BF-F650-402B-9CE0-6CAF3E3331C6} = {22455F42-1C72-4CBB-BADE-8C1D1FEBF74F}
		{7E9644DB-B7CB-475B-9468-80F4F7A25825} = {ED5D594F-82A7-4869-BF1B-508A29EB4B31}
		{8A8D6C87-BB01-43E6-8B5C-E6B4DDB11655} = {ED5D594F-82A7-4869-BF1B-508A29EB4B31}
		{7FCB83A6-C281-44E7-8D86-A568771FA320} = {22455F42-1C72-4CBB-BADE-8C1D1FEBF74F}
		{C18C8F09-4AB4-46ED-BA36-9F1C0B602713} = {ED5D594F-82A7-4869-BF1B-508A29EB4B31}
	EndGlobalSection
	GlobalSection(ExtensibilityGlobals) = postSolution
		SolutionGuid = {67FA876C-F398-4904-B1EB-B8F4D46F5594}
	EndGlobalSection
EndGlobal
